<Solution>
  <Folder Name="/Solution Items/">
    <File Path="Directory.Packages.props" />
    <File Path="Readme.md" />
  </Folder>
  <Folder Name="/src/">
    <Project Path="AvCompo.Ui/AvCompo.Ui.csproj" />
  </Folder>
  <Folder Name="/Workflow/">
    <File Path=".github/workflows/publish-nuget.yml" />
  </Folder>
</Solution>
